
Microsoft Visual Studio Solution File, Format Version 12.00
# Visual Studio Version 17
VisualStudioVersion = 17.6.33801.468
MinimumVisualStudioVersion = 10.0.40219.1
Project("{9A19103F-16F7-4668-BE54-9A1E7A4F7556}") = "NewsAPIs", "NewsAPIs\NewsAPIs.csproj", "{89CD7AE0-FB8F-41DF-8ADC-AC63E99742A2}"
EndProject
Project("{FAE04EC0-301F-11D3-BF4B-00C04F79EFBC}") = "NewsMVC", "NewsMVC\NewsMVC.csproj", "{4F550D4F-082D-45B4-A7E8-6098F6FE02DD}"
EndProject
Global
	GlobalSection(SolutionConfigurationPlatforms) = preSolution
		Debug|Any CPU = Debug|Any CPU
		Release|Any CPU = Release|Any CPU
	EndGlobalSection
	GlobalSection(ProjectConfigurationPlatforms) = postSolution
		{89CD7AE0-FB8F-41DF-8ADC-AC63E99742A2}.Debug|Any CPU.ActiveCfg = Debug|Any CPU
		{89CD7AE0-FB8F-41DF-8ADC-AC63E99742A2}.Debug|Any CPU.Build.0 = Debug|Any CPU
		{89CD7AE0-FB8F-41DF-8ADC-AC63E99742A2}.Release|Any CPU.ActiveCfg = Release|Any CPU
		{89CD7AE0-FB8F-41DF-8ADC-AC63E99742A2}.Release|Any CPU.Build.0 = Release|Any CPU
		{4F550D4F-082D-45B4-A7E8-6098F6FE02DD}.Debug|Any CPU.ActiveCfg = Debug|Any CPU
		{4F550D4F-082D-45B4-A7E8-6098F6FE02DD}.Debug|Any CPU.Build.0 = Debug|Any CPU
		{4F550D4F-082D-45B4-A7E8-6098F6FE02DD}.Release|Any CPU.ActiveCfg = Release|Any CPU
		{4F550D4F-082D-45B4-A7E8-6098F6FE02DD}.Release|Any CPU.Build.0 = Release|Any CPU
	EndGlobalSection
	GlobalSection(SolutionProperties) = preSolution
		HideSolutionNode = FALSE
	EndGlobalSection
	GlobalSection(ExtensibilityGlobals) = postSolution
		SolutionGuid = {AB2CD166-1D6B-4A91-9463-BBD739ECCBA8}
	EndGlobalSection
EndGlobal
